
Microsoft Visual Studio Solution File, Format Version 12.00
# Visual Studio 2015
Project("{FAE04EC0-301F-11D3-BF4B-00C04F79EFBC}") = "3DPool", "3DPool.csproj", "{C10CC752-D391-7673-8179-10CCF1197084}"
EndProject
Global
	GlobalSection(SolutionConfigurationPlatforms) = preSolution
		Debug|Any CPU = Debug|Any CPU
		Release|Any CPU = Release|Any CPU
	EndGlobalSection
	GlobalSection(ProjectConfigurationPlatforms) = postSolution
		{C10CC752-D391-7673-8179-10CCF1197084}.Debug|Any CPU.ActiveCfg = Debug|Any CPU
		{C10CC752-D391-7673-8179-10CCF1197084}.Debug|Any CPU.Build.0 = Debug|Any CPU
		{C10CC752-D391-7673-8179-10CCF1197084}.Release|Any CPU.ActiveCfg = Release|Any CPU
		{C10CC752-D391-7673-8179-10CCF1197084}.Release|Any CPU.Build.0 = Release|Any CPU
	EndGlobalSection
	GlobalSection(SolutionProperties) = preSolution
		HideSolutionNode = FALSE
	EndGlobalSection
EndGlobal
